
Microsoft Visual Studio Solution File, Format Version 12.00
# Visual Studio 14
VisualStudioVersion = 14.0.25420.1
MinimumVisualStudioVersion = 10.0.40219.1
Project("{F184B08F-C81C-45F6-A57F-5ABD9991F28F}") = "Brett Tech Browser", "Brett Tech Browser\Brett Tech Browser.vbproj", "{2F9C97A8-6CA8-4A93-B904-410C9F5FA24A}"
EndProject
Global
	GlobalSection(SolutionConfigurationPlatforms) = preSolution
		Debug|Any CPU = Debug|Any CPU
		Release|Any CPU = Release|Any CPU
	EndGlobalSection
	GlobalSection(ProjectConfigurationPlatforms) = postSolution
		{2F9C97A8-6CA8-4A93-B904-410C9F5FA24A}.Debug|Any CPU.ActiveCfg = Debug|Any CPU
		{2F9C97A8-6CA8-4A93-B904-410C9F5FA24A}.Debug|Any CPU.Build.0 = Debug|Any CPU
		{2F9C97A8-6CA8-4A93-B904-410C9F5FA24A}.Release|Any CPU.ActiveCfg = Release|Any CPU
		{2F9C97A8-6CA8-4A93-B904-410C9F5FA24A}.Release|Any CPU.Build.0 = Release|Any CPU
	EndGlobalSection
	GlobalSection(SolutionProperties) = preSolution
		HideSolutionNode = FALSE
	EndGlobalSection
EndGlobal
